<?xml version="1.0" encoding="utf-8"?>
<Project ToolsVersion="4.0" xmlns="http://schemas.microsoft.com/developer/msbuild/2003">
  <ItemGroup>
    <Filter Include="GameObject">
      <UniqueIdentifier>{c8c0b8fb-e557-4076-8822-bcbcbc0a9602}</UniqueIdentifier>
    </Filter>
    <Filter Include="GameObject\Ship">
      <UniqueIdentifier>{ce9078b8-b6c1-4511-ba00-aa5e3f100f23}</UniqueIdentifier>
    </Filter>
    <Filter Include="GameObject\Player">
      <UniqueIdentifier>{bf1b3b7f-739d-4f47-8956-6ecd9b49cfef}</UniqueIdentifier>
    </Filter>
    <Filter Include="Define">
      <UniqueIdentifier>{7b1daa63-db0b-4db6-ab46-54412b8a357f}</UniqueIdentifier>
    </Filter>
    <Filter Include="GameObject\Board">
      <UniqueIdentifier>{7d25cc55-468a-47ef-a354-3c625280fc36}</UniqueIdentifier>
    </Filter>
    <Filter Include="GameObject\GameManager">
      <UniqueIdentifier>{7dd72185-bc19-4de6-8aad-5b4f50ad0c60}</UniqueIdentifier>
    </Filter>
  </ItemGroup>
  <ItemGroup>
    <Text Include="ReadMe.txt" />
  </ItemGroup>
  <ItemGroup>
    <ClInclude Include="stdafx.h" />
    <ClInclude Include="targetver.h" />
    <ClInclude Include="Enums.h">
      <Filter>Define</Filter>
    </ClInclude>
    <ClInclude Include="Player.h">
      <Filter>GameObject\Player</Filter>
    </ClInclude>
    <ClInclude Include="Ship.h">
      <Filter>GameObject\Ship</Filter>
    </ClInclude>
    <ClInclude Include="GameManager.h">
      <Filter>GameObject\GameManager</Filter>
    </ClInclude>
    <ClInclude Include="AirCraft.h">
      <Filter>GameObject\Ship</Filter>
    </ClInclude>
    <ClInclude Include="BattleShip.h">
      <Filter>GameObject\Ship</Filter>
    </ClInclude>
    <ClInclude Include="Cruiser.h">
      <Filter>GameObject\Ship</Filter>
    </ClInclude>
    <ClInclude Include="Destroyer.h">
      <Filter>GameObject\Ship</Filter>
    </ClInclude>
    <ClInclude Include="Board.h">
      <Filter>GameObject\Board</Filter>
    </ClInclude>
    <ClInclude Include="DataType.h">
      <Filter>Define</Filter>
    </ClInclude>
    <ClInclude Include="Macro.h">
      <Filter>Define</Filter>
    </ClInclude>
    <ClInclude Include="Network.h" />
    <ClInclude Include="PacketType.h" />
    <ClInclude Include="ShipData.h" />
  </ItemGroup>
  <ItemGroup>
    <ClCompile Include="stdafx.cpp" />
    <ClCompile Include="BattleShip_개인.cpp" />
    <ClCompile Include="Player.cpp">
      <Filter>GameObject\Player</Filter>
    </ClCompile>
    <ClCompile Include="Ship.cpp">
      <Filter>GameObject\Ship</Filter>
    </ClCompile>
    <ClCompile Include="GameManager.cpp">
      <Filter>GameObject\GameManager</Filter>
    </ClCompile>
    <ClCompile Include="AirCraft.cpp">
      <Filter>GameObject\Ship</Filter>
    </ClCompile>
    <ClCompile Include="BattleShip.cpp">
      <Filter>GameObject\Ship</Filter>
    </ClCompile>
    <ClCompile Include="Cruiser.cpp">
      <Filter>GameObject\Ship</Filter>
    </ClCompile>
    <ClCompile Include="Destroyer.cpp">
      <Filter>GameObject\Ship</Filter>
    </ClCompile>
    <ClCompile Include="Board.cpp">
      <Filter>GameObject\Board</Filter>
    </ClCompile>
    <ClCompile Include="DataType.cpp">
      <Filter>Define</Filter>
    </ClCompile>
    <ClCompile Include="PlayerAttackAI.cpp">
      <Filter>GameObject\Player</Filter>
    </ClCompile>
    <ClCompile Include="PlayerPlaceAI.cpp">
      <Filter>GameObject\Player</Filter>
    </ClCompile>
  </ItemGroup>
</Project>